
Microsoft Visual Studio Solution File, Format Version 12.00
# Visual Studio Version 16
VisualStudioVersion = 16.0.30717.126
MinimumVisualStudioVersion = 10.0.40219.1
Project("{FAE04EC0-301F-11D3-BF4B-00C04F79EFBC}") = "TelegramTTSBot", "TelegramTTSBot\TelegramTTSBot.csproj", "{6A8D7116-6B21-428C-9423-A9E9A71F8051}"
EndProject
Global
	GlobalSection(SolutionConfigurationPlatforms) = preSolution
		Debug|Any CPU = Debug|Any CPU
		Release|Any CPU = Release|Any CPU
	EndGlobalSection
	GlobalSection(ProjectConfigurationPlatforms) = postSolution
		{6A8D7116-6B21-428C-9423-A9E9A71F8051}.Debug|Any CPU.ActiveCfg = Debug|Any CPU
		{6A8D7116-6B21-428C-9423-A9E9A71F8051}.Debug|Any CPU.Build.0 = Debug|Any CPU
		{6A8D7116-6B21-428C-9423-A9E9A71F8051}.Release|Any CPU.ActiveCfg = Release|Any CPU
		{6A8D7116-6B21-428C-9423-A9E9A71F8051}.Release|Any CPU.Build.0 = Release|Any CPU
	EndGlobalSection
	GlobalSection(SolutionProperties) = preSolution
		HideSolutionNode = FALSE
	EndGlobalSection
	GlobalSection(ExtensibilityGlobals) = postSolution
		SolutionGuid = {328BA7C3-D9A7-4196-9832-172312F66FA5}
	EndGlobalSection
EndGlobal
